// !$*UTF8*$!
{
	archiveVersion = 1;
	classes = {
	};
	objectVersion = 50;
	objects = {

/* Begin PBXBuildFile section */
		19C3F8BC232EB80600409968 /* AppDelegate.m in Sources */ = {isa = PBXBuildFile; fileRef = 19C3F8BB232EB80600409968 /* AppDelegate.m */; };
		19C3F8BF232EB80600409968 /* Screen2VC.m in Sources */ = {isa = PBXBuildFile; fileRef = 19C3F8BE232EB80600409968 /* Screen2VC.m */; };
		19C3F8C2232EB80600409968 /* Main.storyboard in Resources */ = {isa = PBXBuildFile; fileRef = 19C3F8C0232EB80600409968 /* Main.storyboard */; };
		19C3F8C4232EB80800409968 /* Assets.xcassets in Resources */ = {isa = PBXBuildFile; fileRef = 19C3F8C3232EB80800409968 /* Assets.xcassets */; };
		19C3F8C7232EB80800409968 /* LaunchScreen.storyboard in Resources */ = {isa = PBXBuildFile; fileRef = 19C3F8C5232EB80800409968 /* LaunchScreen.storyboard */; };
		19C3F8CA232EB80800409968 /* main.m in Sources */ = {isa = PBXBuildFile; fileRef = 19C3F8C9232EB80800409968 /* main.m */; };
		19C3F8D8232EBD5B00409968 /* MainTVC.m in Sources */ = {isa = PBXBuildFile; fileRef = 19C3F8D7232EBD5B00409968 /* MainTVC.m */; };
/* End PBXBuildFile section */

/* Begin PBXFileReference section */
		19C3F8B7232EB80600409968 /* iWavesTask.app */ = {isa = PBXFileReference; explicitFileType = wrapper.application; includeInIndex = 0; path = iWavesTask.app; sourceTree = BUILT_PRODUCTS_DIR; };
		19C3F8BA232EB80600409968 /* AppDelegate.h */ = {isa = PBXFileReference; lastKnownFileType = sourcecode.c.h; path = AppDelegate.h; sourceTree = "<group>"; };
		19C3F8BB232EB80600409968 /* AppDelegate.m */ = {isa = PBXFileReference; lastKnownFileType = sourcecode.c.objc; path = AppDelegate.m; sourceTree = "<group>"; };
		19C3F8BD232EB80600409968 /* Screen2VC.h */ = {isa = PBXFileReference; lastKnownFileType = sourcecode.c.h; path = Screen2VC.h; sourceTree = "<group>"; };
		19C3F8BE232EB80600409968 /* Screen2VC.m */ = {isa = PBXFileReference; lastKnownFileType = sourcecode.c.objc; path = Screen2VC.m; sourceTree = "<group>"; };
		19C3F8C1232EB80600409968 /* Base */ = {isa = PBXFileReference; lastKnownFileType = file.storyboard; name = Base; path = Base.lproj/Main.storyboard; sourceTree = "<group>"; };
		19C3F8C3232EB80800409968 /* Assets.xcassets */ = {isa = PBXFileReference; lastKnownFileType = folder.assetcatalog; path = Assets.xcassets; sourceTree = "<group>"; };
		19C3F8C6232EB80800409968 /* Base */ = {isa = PBXFileReference; lastKnownFileType = file.storyboard; name = Base; path = Base.lproj/LaunchScreen.storyboard; sourceTree = "<group>"; };
		19C3F8C8232EB80800409968 /* Info.plist */ = {isa = PBXFileReference; lastKnownFileType = text.plist.xml; path = Info.plist; sourceTree = "<group>"; };
		19C3F8C9232EB80800409968 /* main.m */ = {isa = PBXFileReference; lastKnownFileType = sourcecode.c.objc; path = main.m; sourceTree = "<group>"; };
		19C3F8D6232EBD5B00409968 /* MainTVC.h */ = {isa = PBXFileReference; lastKnownFileType = sourcecode.c.h; path = MainTVC.h; sourceTree = "<group>"; };
		19C3F8D7232EBD5B00409968 /* MainTVC.m */ = {isa = PBXFileReference; lastKnownFileType = sourcecode.c.objc; path = MainTVC.m; sourceTree = "<group>"; };
/* End PBXFileReference section */

/* Begin PBXFrameworksBuildPhase section */
		19C3F8B4232EB80600409968 /* Frameworks */ = {
			isa = PBXFrameworksBuildPhase;
			buildActionMask = 2147483647;
			files = (
			);
			runOnlyForDeploymentPostprocessing = 0;
		};
/* End PBXFrameworksBuildPhase section */

/* Begin PBXGroup section */
		19C3F8AE232EB80600409968 = {
			isa = PBXGroup;
			children = (
				19C3F8B9232EB80600409968 /* iWavesTask */,
				19C3F8B8232EB80600409968 /* Products */,
			);
			sourceTree = "<group>";
		};
		19C3F8B8232EB80600409968 /* Products */ = {
			isa = PBXGroup;
			children = (
				19C3F8B7232EB80600409968 /* iWavesTask.app */,
			);
			name = Products;
			sourceTree = "<group>";
		};
		19C3F8B9232EB80600409968 /* iWavesTask */ = {
			isa = PBXGroup;
			children = (
				19C3F8D5232EBA6800409968 /* Assets */,
				19C3F8D2232EB9E500409968 /* View */,
				19C3F8D1232EB9CD00409968 /* Model */,
				19C3F8D0232EB9B500409968 /* Application */,
				19C3F8C8232EB80800409968 /* Info.plist */,
				19C3F8C9232EB80800409968 /* main.m */,
			);
			path = iWavesTask;
			sourceTree = "<group>";
		};
		19C3F8D0232EB9B500409968 /* Application */ = {
			isa = PBXGroup;
			children = (
				19C3F8BA232EB80600409968 /* AppDelegate.h */,
				19C3F8BB232EB80600409968 /* AppDelegate.m */,
			);
			path = Application;
			sourceTree = "<group>";
		};
		19C3F8D1232EB9CD00409968 /* Model */ = {
			isa = PBXGroup;
			children = (
			);
			path = Model;
			sourceTree = "<group>";
		};
		19C3F8D2232EB9E500409968 /* View */ = {
			isa = PBXGroup;
			children = (
				19C3F8D4232EBA0300409968 /* Storyboard */,
				19C3F8D3232EB9F900409968 /* View Controller */,
			);
			path = View;
			sourceTree = "<group>";
		};
		19C3F8D3232EB9F900409968 /* View Controller */ = {
			isa = PBXGroup;
			children = (
				19CAD248232ECBB9008D2022 /* Screen2 */,
				19CAD247232ECBAA008D2022 /* Main Screen */,
			);
			path = "View Controller";
			sourceTree = "<group>";
		};
		19C3F8D4232EBA0300409968 /* Storyboard */ = {
			isa = PBXGroup;
			children = (
				19C3F8C5232EB80800409968 /* LaunchScreen.storyboard */,
				19C3F8C0232EB80600409968 /* Main.storyboard */,
			);
			path = Storyboard;
			sourceTree = "<group>";
		};
		19C3F8D5232EBA6800409968 /* Assets */ = {
			isa = PBXGroup;
			children = (
				19C3F8C3232EB80800409968 /* Assets.xcassets */,
			);
			path = Assets;
			sourceTree = "<group>";
		};
		19CAD247232ECBAA008D2022 /* Main Screen */ = {
			isa = PBXGroup;
			children = (
				19C3F8D6232EBD5B00409968 /* MainTVC.h */,
				19C3F8D7232EBD5B00409968 /* MainTVC.m */,
			);
			path = "Main Screen";
			sourceTree = "<group>";
		};
		19CAD248232ECBB9008D2022 /* Screen2 */ = {
			isa = PBXGroup;
			children = (
				19C3F8BE232EB80600409968 /* Screen2VC.m */,
				19C3F8BD232EB80600409968 /* Screen2VC.h */,
			);
			path = Screen2;
			sourceTree = "<group>";
		};
/* End PBXGroup section */

/* Begin PBXNativeTarget section */
		19C3F8B6232EB80600409968 /* iWavesTask */ = {
			isa = PBXNativeTarget;
			buildConfigurationList = 19C3F8CD232EB80800409968 /* Build configuration list for PBXNativeTarget "iWavesTask" */;
			buildPhases = (
				19C3F8B3232EB80600409968 /* Sources */,
				19C3F8B4232EB80600409968 /* Frameworks */,
				19C3F8B5232EB80600409968 /* Resources */,
			);
			buildRules = (
			);
			dependencies = (
			);
			name = iWavesTask;
			productName = iWavesTask;
			productReference = 19C3F8B7232EB80600409968 /* iWavesTask.app */;
			productType = "com.apple.product-type.application";
		};
/* End PBXNativeTarget section */

/* Begin PBXProject section */
		19C3F8AF232EB80600409968 /* Project object */ = {
			isa = PBXProject;
			attributes = {
				LastUpgradeCheck = 1030;
				ORGANIZATIONNAME = Bassuni;
				TargetAttributes = {
					19C3F8B6232EB80600409968 = {
						CreatedOnToolsVersion = 10.3;
					};
				};
			};
			buildConfigurationList = 19C3F8B2232EB80600409968 /* Build configuration list for PBXProject "iWavesTask" */;
			compatibilityVersion = "Xcode 9.3";
			developmentRegion = en;
			hasScannedForEncodings = 0;
			knownRegions = (
				en,
				Base,
			);
			mainGroup = 19C3F8AE232EB80600409968;
			productRefGroup = 19C3F8B8232EB80600409968 /* Products */;
			projectDirPath = "";
			projectRoot = "";
			targets = (
				19C3F8B6232EB80600409968 /* iWavesTask */,
			);
		};
/* End PBXProject section */

/* Begin PBXResourcesBuildPhase section */
		19C3F8B5232EB80600409968 /* Resources */ = {
			isa = PBXResourcesBuildPhase;
			buildActionMask = 2147483647;
			files = (
				19C3F8C7232EB80800409968 /* LaunchScreen.storyboard in Resources */,
				19C3F8C4232EB80800409968 /* Assets.xcassets in Resources */,
				19C3F8C2232EB80600409968 /* Main.storyboard in Resources */,
			);
			runOnlyForDeploymentPostprocessing = 0;
		};
/* End PBXResourcesBuildPhase section */

/* Begin PBXSourcesBuildPhase section */
		19C3F8B3232EB80600409968 /* Sources */ = {
			isa = PBXSourcesBuildPhase;
			buildActionMask = 2147483647;
			files = (
				19C3F8BF232EB80600409968 /* Screen2VC.m in Sources */,
				19C3F8CA232EB80800409968 /* main.m in Sources */,
				19C3F8D8232EBD5B00409968 /* MainTVC.m in Sources */,
				19C3F8BC232EB80600409968 /* AppDelegate.m in Sources */,
			);
			runOnlyForDeploymentPostprocessing = 0;
		};
/* End PBXSourcesBuildPhase section */

/* Begin PBXVariantGroup section */
		19C3F8C0232EB80600409968 /* Main.storyboard */ = {
			isa = PBXVariantGroup;
			children = (
				19C3F8C1232EB80600409968 /* Base */,
			);
			name = Main.storyboard;
			sourceTree = "<group>";
		};
		19C3F8C5232EB80800409968 /* LaunchScreen.storyboard */ = {
			isa = PBXVariantGroup;
			children = (
				19C3F8C6232EB80800409968 /* Base */,
			);
			name = LaunchScreen.storyboard;
			sourceTree = "<group>";
		};
/* End PBXVariantGroup section */

/* Begin XCBuildConfiguration section */
		19C3F8CB232EB80800409968 /* Debug */ = {
			isa = XCBuildConfiguration;
			buildSettings = {
				ALWAYS_SEARCH_USER_PATHS = NO;
				CLANG_ANALYZER_NONNULL = YES;
				CLANG_ANALYZER_NUMBER_OBJECT_CONVERSION = YES_AGGRESSIVE;
				CLANG_CXX_LANGUAGE_STANDARD = "gnu++14";
				CLANG_CXX_LIBRARY = "libc++";
				CLANG_ENABLE_MODULES = YES;
				CLANG_ENABLE_OBJC_ARC = YES;
				CLANG_ENABLE_OBJC_WEAK = YES;
				CLANG_WARN_BLOCK_CAPTURE_AUTORELEASING = YES;
				CLANG_WARN_BOOL_CONVERSION = YES;
				CLANG_WARN_COMMA = YES;
				CLANG_WARN_CONSTANT_CONVERSION = YES;
				CLANG_WARN_DEPRECATED_OBJC_IMPLEMENTATIONS = YES;
				CLANG_WARN_DIRECT_OBJC_ISA_USAGE = YES_ERROR;
				CLANG_WARN_DOCUMENTATION_COMMENTS = YES;
				CLANG_WARN_EMPTY_BODY = YES;
				CLANG_WARN_ENUM_CONVERSION = YES;
				CLANG_WARN_INFINITE_RECURSION = YES;
				CLANG_WARN_INT_CONVERSION = YES;
				CLANG_WARN_NON_LITERAL_NULL_CONVERSION = YES;
				CLANG_WARN_OBJC_IMPLICIT_RETAIN_SELF = YES;
				CLANG_WARN_OBJC_LITERAL_CONVERSION = YES;
				CLANG_WARN_OBJC_ROOT_CLASS = YES_ERROR;
				CLANG_WARN_RANGE_LOOP_ANALYSIS = YES;
				CLANG_WARN_STRICT_PROTOTYPES = YES;
				CLANG_WARN_SUSPICIOUS_MOVE = YES;
				CLANG_WARN_UNGUARDED_AVAILABILITY = YES_AGGRESSIVE;
				CLANG_WARN_UNREACHABLE_CODE = YES;
				CLANG_WARN__DUPLICATE_METHOD_MATCH = YES;
				CODE_SIGN_IDENTITY = "iPhone Developer";
				COPY_PHASE_STRIP = NO;
				DEBUG_INFORMATION_FORMAT = dwarf;
				ENABLE_STRICT_OBJC_MSGSEND = YES;
				ENABLE_TESTABILITY = YES;
				GCC_C_LANGUAGE_STANDARD = gnu11;
				GCC_DYNAMIC_NO_PIC = NO;
				GCC_NO_COMMON_BLOCKS = YES;
				GCC_OPTIMIZATION_LEVEL = 0;
				GCC_PREPROCESSOR_DEFINITIONS = (
					"DEBUG=1",
					"$(inherited)",
				);
				GCC_WARN_64_TO_32_BIT_CONVERSION = YES;
				GCC_WARN_ABOUT_RETURN_TYPE = YES_ERROR;
				GCC_WARN_UNDECLARED_SELECTOR = YES;
				GCC_WARN_UNINITIALIZED_AUTOS = YES_AGGRESSIVE;
				GCC_WARN_UNUSED_FUNCTION = YES;
				GCC_WARN_UNUSED_VARIABLE = YES;
				IPHONEOS_DEPLOYMENT_TARGET = 12.4;
				MTL_ENABLE_DEBUG_INFO = INCLUDE_SOURCE;
				MTL_FAST_MATH = YES;
				ONLY_ACTIVE_ARCH = YES;
				SDKROOT = iphoneos;
			};
			name = Debug;
		};
		19C3F8CC232EB80800409968 /* Release */ = {
			isa = XCBuildConfiguration;
			buildSettings = {
				ALWAYS_SEARCH_USER_PATHS = NO;
				CLANG_ANALYZER_NONNULL = YES;
				CLANG_ANALYZER_NUMBER_OBJECT_CONVERSION = YES_AGGRESSIVE;
				CLANG_CXX_LANGUAGE_STANDARD = "gnu++14";
				CLANG_CXX_LIBRARY = "libc++";
				CLANG_ENABLE_MODULES = YES;
				CLANG_ENABLE_OBJC_ARC = YES;
				CLANG_ENABLE_OBJC_WEAK = YES;
				CLANG_WARN_BLOCK_CAPTURE_AUTORELEASING = YES;
				CLANG_WARN_BOOL_CONVERSION = YES;
				CLANG_WARN_COMMA = YES;
				CLANG_WARN_CONSTANT_CONVERSION = YES;
				CLANG_WARN_DEPRECATED_OBJC_IMPLEMENTATIONS = YES;
				CLANG_WARN_DIRECT_OBJC_ISA_USAGE = YES_ERROR;
				CLANG_WARN_DOCUMENTATION_COMMENTS = YES;
				CLANG_WARN_EMPTY_BODY = YES;
				CLANG_WARN_ENUM_CONVERSION = YES;
				CLANG_WARN_INFINITE_RECURSION = YES;
				CLANG_WARN_INT_CONVERSION = YES;
				CLANG_WARN_NON_LITERAL_NULL_CONVERSION = YES;
				CLANG_WARN_OBJC_IMPLICIT_RETAIN_SELF = YES;
				CLANG_WARN_OBJC_LITERAL_CONVERSION = YES;
				CLANG_WARN_OBJC_ROOT_CLASS = YES_ERROR;
				CLANG_WARN_RANGE_LOOP_ANALYSIS = YES;
				CLANG_WARN_STRICT_PROTOTYPES = YES;
				CLANG_WARN_SUSPICIOUS_MOVE = YES;
				CLANG_WARN_UNGUARDED_AVAILABILITY = YES_AGGRESSIVE;
				CLANG_WARN_UNREACHABLE_CODE = YES;
				CLANG_WARN__DUPLICATE_METHOD_MATCH = YES;
				CODE_SIGN_IDENTITY = "iPhone Developer";
				COPY_PHASE_STRIP = NO;
				DEBUG_INFORMATION_FORMAT = "dwarf-with-dsym";
				ENABLE_NS_ASSERTIONS = NO;
				ENABLE_STRICT_OBJC_MSGSEND = YES;
				GCC_C_LANGUAGE_STANDARD = gnu11;
				GCC_NO_COMMON_BLOCKS = YES;
				GCC_WARN_64_TO_32_BIT_CONVERSION = YES;
				GCC_WARN_ABOUT_RETURN_TYPE = YES_ERROR;
				GCC_WARN_UNDECLARED_SELECTOR = YES;
				GCC_WARN_UNINITIALIZED_AUTOS = YES_AGGRESSIVE;
				GCC_WARN_UNUSED_FUNCTION = YES;
				GCC_WARN_UNUSED_VARIABLE = YES;
				IPHONEOS_DEPLOYMENT_TARGET = 12.4;
				MTL_ENABLE_DEBUG_INFO = NO;
				MTL_FAST_MATH = YES;
				SDKROOT = iphoneos;
				VALIDATE_PRODUCT = YES;
			};
			name = Release;
		};
		19C3F8CE232EB80800409968 /* Debug */ = {
			isa = XCBuildConfiguration;
			buildSettings = {
				ASSETCATALOG_COMPILER_APPICON_NAME = AppIcon;
				CODE_SIGN_STYLE = Automatic;
				DEVELOPMENT_TEAM = L3SSZK62LX;
				INFOPLIST_FILE = iWavesTask/Info.plist;
				IPHONEOS_DEPLOYMENT_TARGET = 10.0;
				LD_RUNPATH_SEARCH_PATHS = (
					"$(inherited)",
					"@executable_path/Frameworks",
				);
				PRODUCT_BUNDLE_IDENTIFIER = Bassuni.iWavesTask;
				PRODUCT_NAME = "$(TARGET_NAME)";
				TARGETED_DEVICE_FAMILY = "1,2";
			};
			name = Debug;
		};
		19C3F8CF232EB80800409968 /* Release */ = {
			isa = XCBuildConfiguration;
			buildSettings = {
				ASSETCATALOG_COMPILER_APPICON_NAME = AppIcon;
				CODE_SIGN_STYLE = Automatic;
				DEVELOPMENT_TEAM = L3SSZK62LX;
				INFOPLIST_FILE = iWavesTask/Info.plist;
				IPHONEOS_DEPLOYMENT_TARGET = 10.0;
				LD_RUNPATH_SEARCH_PATHS = (
					"$(inherited)",
					"@executable_path/Frameworks",
				);
				PRODUCT_BUNDLE_IDENTIFIER = Bassuni.iWavesTask;
				PRODUCT_NAME = "$(TARGET_NAME)";
				TARGETED_DEVICE_FAMILY = "1,2";
			};
			name = Release;
		};
/* End XCBuildConfiguration section */

/* Begin XCConfigurationList section */
		19C3F8B2232EB80600409968 /* Build configuration list for PBXProject "iWavesTask" */ = {
			isa = XCConfigurationList;
			buildConfigurations = (
				19C3F8CB232EB80800409968 /* Debug */,
				19C3F8CC232EB80800409968 /* Release */,
			);
			defaultConfigurationIsVisible = 0;
			defaultConfigurationName = Release;
		};
		19C3F8CD232EB80800409968 /* Build configuration list for PBXNativeTarget "iWavesTask" */ = {
			isa = XCConfigurationList;
			buildConfigurations = (
				19C3F8CE232EB80800409968 /* Debug */,
				19C3F8CF232EB80800409968 /* Release */,
			);
			defaultConfigurationIsVisible = 0;
			defaultConfigurationName = Release;
		};
/* End XCConfigurationList section */
	};
	rootObject = 19C3F8AF232EB80600409968 /* Project object */;
}
